
Microsoft Visual Studio Solution File, Format Version 12.00
# Visual Studio Version 17
VisualStudioVersion = 17.5.33502.453
MinimumVisualStudioVersion = 10.0.40219.1
Project("{FAE04EC0-301F-11D3-BF4B-00C04F79EFBC}") = "SharePointPnpFrameworkPlayground", "SharePointPnpFrameworkPlayground\SharePointPnpFrameworkPlayground.csproj", "{BE7DB119-3AE4-44D6-A378-3D04CAA7E6A0}"
EndProject
Global
	GlobalSection(SolutionConfigurationPlatforms) = preSolution
		Debug|Any CPU = Debug|Any CPU
		Release|Any CPU = Release|Any CPU
	EndGlobalSection
	GlobalSection(ProjectConfigurationPlatforms) = postSolution
		{BE7DB119-3AE4-44D6-A378-3D04CAA7E6A0}.Debug|Any CPU.ActiveCfg = Debug|Any CPU
		{BE7DB119-3AE4-44D6-A378-3D04CAA7E6A0}.Debug|Any CPU.Build.0 = Debug|Any CPU
		{BE7DB119-3AE4-44D6-A378-3D04CAA7E6A0}.Release|Any CPU.ActiveCfg = Release|Any CPU
		{BE7DB119-3AE4-44D6-A378-3D04CAA7E6A0}.Release|Any CPU.Build.0 = Release|Any CPU
	EndGlobalSection
	GlobalSection(SolutionProperties) = preSolution
		HideSolutionNode = FALSE
	EndGlobalSection
	GlobalSection(ExtensibilityGlobals) = postSolution
		SolutionGuid = {0C4C2C8E-F0FA-4D26-B2BC-52EE2FBB0CAF}
	EndGlobalSection
EndGlobal
